
Microsoft Visual Studio Solution File, Format Version 12.00
# Visual Studio Version 16
VisualStudioVersion = 16.0.31624.102
MinimumVisualStudioVersion = 10.0.40219.1
Project("{9A19103F-16F7-4668-BE54-9A1E7A4F7556}") = "MB.Domain", "MB.Domain\MB.Domain.csproj", "{B80C0355-1CCF-4547-9761-C628314FF64B}"
EndProject
Project("{9A19103F-16F7-4668-BE54-9A1E7A4F7556}") = "MB.Application", "MB.Application\MB.Application.csproj", "{6A5C1744-5D07-4AC3-97EE-285C47B41069}"
EndProject
Project("{9A19103F-16F7-4668-BE54-9A1E7A4F7556}") = "MB.ApplicationContract", "MB.ApplicationCantract\MB.ApplicationContract.csproj", "{DFB0F164-8008-4D38-9125-3AB493A01A24}"
EndProject
Project("{9A19103F-16F7-4668-BE54-9A1E7A4F7556}") = "MB.Infrastructure.EFCore", "MB.Infrastructure.EFCore\MB.Infrastructure.EFCore.csproj", "{5BEB3EA6-2528-49FD-A92D-FB9A25B95A62}"
EndProject
Project("{9A19103F-16F7-4668-BE54-9A1E7A4F7556}") = "MB.Presentation", "MB.Presentation\MB.Presentation.csproj", "{B3F73192-988A-4415-871C-1BA46ABEC3B0}"
EndProject
Project("{9A19103F-16F7-4668-BE54-9A1E7A4F7556}") = "MB.Infrastructure.Core", "MB.Infrastructure.Core\MB.Infrastructure.Core.csproj", "{698F1BC5-E364-4E05-85F8-EAC1684DCE7A}"
EndProject
Global
	GlobalSection(SolutionConfigurationPlatforms) = preSolution
		Debug|Any CPU = Debug|Any CPU
		Release|Any CPU = Release|Any CPU
	EndGlobalSection
	GlobalSection(ProjectConfigurationPlatforms) = postSolution
		{B80C0355-1CCF-4547-9761-C628314FF64B}.Debug|Any CPU.ActiveCfg = Debug|Any CPU
		{B80C0355-1CCF-4547-9761-C628314FF64B}.Debug|Any CPU.Build.0 = Debug|Any CPU
		{B80C0355-1CCF-4547-9761-C628314FF64B}.Release|Any CPU.ActiveCfg = Release|Any CPU
		{B80C0355-1CCF-4547-9761-C628314FF64B}.Release|Any CPU.Build.0 = Release|Any CPU
		{6A5C1744-5D07-4AC3-97EE-285C47B41069}.Debug|Any CPU.ActiveCfg = Debug|Any CPU
		{6A5C1744-5D07-4AC3-97EE-285C47B41069}.Debug|Any CPU.Build.0 = Debug|Any CPU
		{6A5C1744-5D07-4AC3-97EE-285C47B41069}.Release|Any CPU.ActiveCfg = Release|Any CPU
		{6A5C1744-5D07-4AC3-97EE-285C47B41069}.Release|Any CPU.Build.0 = Release|Any CPU
		{DFB0F164-8008-4D38-9125-3AB493A01A24}.Debug|Any CPU.ActiveCfg = Debug|Any CPU
		{DFB0F164-8008-4D38-9125-3AB493A01A24}.Debug|Any CPU.Build.0 = Debug|Any CPU
		{DFB0F164-8008-4D38-9125-3AB493A01A24}.Release|Any CPU.ActiveCfg = Release|Any CPU
		{DFB0F164-8008-4D38-9125-3AB493A01A24}.Release|Any CPU.Build.0 = Release|Any CPU
		{5BEB3EA6-2528-49FD-A92D-FB9A25B95A62}.Debug|Any CPU.ActiveCfg = Debug|Any CPU
		{5BEB3EA6-2528-49FD-A92D-FB9A25B95A62}.Debug|Any CPU.Build.0 = Debug|Any CPU
		{5BEB3EA6-2528-49FD-A92D-FB9A25B95A62}.Release|Any CPU.ActiveCfg = Release|Any CPU
		{5BEB3EA6-2528-49FD-A92D-FB9A25B95A62}.Release|Any CPU.Build.0 = Release|Any CPU
		{B3F73192-988A-4415-871C-1BA46ABEC3B0}.Debug|Any CPU.ActiveCfg = Debug|Any CPU
		{B3F73192-988A-4415-871C-1BA46ABEC3B0}.Debug|Any CPU.Build.0 = Debug|Any CPU
		{B3F73192-988A-4415-871C-1BA46ABEC3B0}.Release|Any CPU.ActiveCfg = Release|Any CPU
		{B3F73192-988A-4415-871C-1BA46ABEC3B0}.Release|Any CPU.Build.0 = Release|Any CPU
		{698F1BC5-E364-4E05-85F8-EAC1684DCE7A}.Debug|Any CPU.ActiveCfg = Debug|Any CPU
		{698F1BC5-E364-4E05-85F8-EAC1684DCE7A}.Debug|Any CPU.Build.0 = Debug|Any CPU
		{698F1BC5-E364-4E05-85F8-EAC1684DCE7A}.Release|Any CPU.ActiveCfg = Release|Any CPU
		{698F1BC5-E364-4E05-85F8-EAC1684DCE7A}.Release|Any CPU.Build.0 = Release|Any CPU
	EndGlobalSection
	GlobalSection(SolutionProperties) = preSolution
		HideSolutionNode = FALSE
	EndGlobalSection
	GlobalSection(ExtensibilityGlobals) = postSolution
		SolutionGuid = {F3F2A0EE-E3CE-4B22-953B-B0F647637CE1}
	EndGlobalSection
EndGlobal
